
Microsoft Visual Studio Solution File, Format Version 12.00
# Visual Studio Version 17
VisualStudioVersion = 17.4.33110.190
MinimumVisualStudioVersion = 10.0.40219.1
Project("{FAE04EC0-301F-11D3-BF4B-00C04F79EFBC}") = "DisModels4", "DisModels4.csproj", "{A6255E8E-9C4B-45F9-B7CB-64014CD79ABF}"
EndProject
Global
	GlobalSection(SolutionConfigurationPlatforms) = preSolution
		Debug|Any CPU = Debug|Any CPU
		Release|Any CPU = Release|Any CPU
	EndGlobalSection
	GlobalSection(ProjectConfigurationPlatforms) = postSolution
		{A6255E8E-9C4B-45F9-B7CB-64014CD79ABF}.Debug|Any CPU.ActiveCfg = Debug|Any CPU
		{A6255E8E-9C4B-45F9-B7CB-64014CD79ABF}.Debug|Any CPU.Build.0 = Debug|Any CPU
		{A6255E8E-9C4B-45F9-B7CB-64014CD79ABF}.Release|Any CPU.ActiveCfg = Release|Any CPU
		{A6255E8E-9C4B-45F9-B7CB-64014CD79ABF}.Release|Any CPU.Build.0 = Release|Any CPU
	EndGlobalSection
	GlobalSection(SolutionProperties) = preSolution
		HideSolutionNode = FALSE
	EndGlobalSection
	GlobalSection(ExtensibilityGlobals) = postSolution
		SolutionGuid = {DE266D3D-3D45-4F9A-BB02-74FD1C6AEDEA}
	EndGlobalSection
EndGlobal
